
Microsoft Visual Studio Solution File, Format Version 12.00
# Visual Studio Version 17
VisualStudioVersion = 17.2.32602.215
MinimumVisualStudioVersion = 10.0.40219.1
Project("{9A19103F-16F7-4668-BE54-9A1E7A4F7556}") = "AnkiWeb.Client.Tests", "tests\AnkiWeb.Client.Tests\AnkiWeb.Client.Tests.csproj", "{F354FD4E-CD5D-4A8C-BCD0-F496B3C7B012}"
	ProjectSection(ProjectDependencies) = postProject
		{26F442D8-1AC9-4F87-A0E4-1F478B383D7C} = {26F442D8-1AC9-4F87-A0E4-1F478B383D7C}
	EndProjectSection
EndProject
Project("{9A19103F-16F7-4668-BE54-9A1E7A4F7556}") = "AnkiWeb.Client", "src\AnkiWeb.Client\AnkiWeb.Client.csproj", "{26F442D8-1AC9-4F87-A0E4-1F478B383D7C}"
EndProject
Global
	GlobalSection(SolutionConfigurationPlatforms) = preSolution
		Debug|Any CPU = Debug|Any CPU
		Release|Any CPU = Release|Any CPU
	EndGlobalSection
	GlobalSection(ProjectConfigurationPlatforms) = postSolution
		{F354FD4E-CD5D-4A8C-BCD0-F496B3C7B012}.Debug|Any CPU.ActiveCfg = Debug|Any CPU
		{F354FD4E-CD5D-4A8C-BCD0-F496B3C7B012}.Debug|Any CPU.Build.0 = Debug|Any CPU
		{F354FD4E-CD5D-4A8C-BCD0-F496B3C7B012}.Release|Any CPU.ActiveCfg = Release|Any CPU
		{F354FD4E-CD5D-4A8C-BCD0-F496B3C7B012}.Release|Any CPU.Build.0 = Release|Any CPU
		{26F442D8-1AC9-4F87-A0E4-1F478B383D7C}.Debug|Any CPU.ActiveCfg = Debug|Any CPU
		{26F442D8-1AC9-4F87-A0E4-1F478B383D7C}.Debug|Any CPU.Build.0 = Debug|Any CPU
		{26F442D8-1AC9-4F87-A0E4-1F478B383D7C}.Release|Any CPU.ActiveCfg = Release|Any CPU
		{26F442D8-1AC9-4F87-A0E4-1F478B383D7C}.Release|Any CPU.Build.0 = Release|Any CPU
	EndGlobalSection
	GlobalSection(SolutionProperties) = preSolution
		HideSolutionNode = FALSE
	EndGlobalSection
	GlobalSection(ExtensibilityGlobals) = postSolution
		SolutionGuid = {4B661687-6877-43F4-8C80-AC1104619595}
	EndGlobalSection
EndGlobal
